// !$*UTF8*$!
{
	archiveVersion = 1;
	classes = {
	};
	objectVersion = 50;
	objects = {

/* Begin PBXBuildFile section */
		2934594725C7D3B100D43CFC /* ChartCollectionCell.swift in Sources */ = {isa = PBXBuildFile; fileRef = 2934594625C7D3B100D43CFC /* ChartCollectionCell.swift */; };
		2934594C25C7D4A700D43CFC /* CellLayoutProtocol.swift in Sources */ = {isa = PBXBuildFile; fileRef = 2934594B25C7D4A700D43CFC /* CellLayoutProtocol.swift */; };
		29769E2A25CD16740072A822 /* HomeViewController.swift in Sources */ = {isa = PBXBuildFile; fileRef = 29769E2925CD16740072A822 /* HomeViewController.swift */; };
		29769E2F25CD19570072A822 /* MainTableView.swift in Sources */ = {isa = PBXBuildFile; fileRef = 29769E2E25CD19570072A822 /* MainTableView.swift */; };
		29769E3425CD1FCA0072A822 /* MainTableCell.swift in Sources */ = {isa = PBXBuildFile; fileRef = 29769E3325CD1FCA0072A822 /* MainTableCell.swift */; };
		29769E3C25CD28CB0072A822 /* SampleCell.swift in Sources */ = {isa = PBXBuildFile; fileRef = 29769E3B25CD28CB0072A822 /* SampleCell.swift */; };
		29769E5925CE59460072A822 /* EmbeddedCollectionTableViewCell.swift in Sources */ = {isa = PBXBuildFile; fileRef = 29769E5825CE59460072A822 /* EmbeddedCollectionTableViewCell.swift */; };
		29C989F025D0EA5400259E64 /* ChartTableCell.swift in Sources */ = {isa = PBXBuildFile; fileRef = 29C989EF25D0EA5400259E64 /* ChartTableCell.swift */; };
		29CBD1DB25C527110021A66D /* HomePageViewController.swift in Sources */ = {isa = PBXBuildFile; fileRef = 29CBD1DA25C527110021A66D /* HomePageViewController.swift */; };
		29CBD1E625C529450021A66D /* BoilerplateUtilties.swift in Sources */ = {isa = PBXBuildFile; fileRef = 29CBD1E525C529450021A66D /* BoilerplateUtilties.swift */; };
		29CBD1EB25C534BA0021A66D /* ProductCell.swift in Sources */ = {isa = PBXBuildFile; fileRef = 29CBD1EA25C534BA0021A66D /* ProductCell.swift */; };
		29FE5C2525C13C7D00A43C5E /* AppDelegate.swift in Sources */ = {isa = PBXBuildFile; fileRef = 29FE5C2425C13C7D00A43C5E /* AppDelegate.swift */; };
		29FE5C2725C13C7D00A43C5E /* SceneDelegate.swift in Sources */ = {isa = PBXBuildFile; fileRef = 29FE5C2625C13C7D00A43C5E /* SceneDelegate.swift */; };
		29FE5C2E25C13C8100A43C5E /* Assets.xcassets in Resources */ = {isa = PBXBuildFile; fileRef = 29FE5C2D25C13C8100A43C5E /* Assets.xcassets */; };
		29FE5C3125C13C8100A43C5E /* LaunchScreen.storyboard in Resources */ = {isa = PBXBuildFile; fileRef = 29FE5C2F25C13C8100A43C5E /* LaunchScreen.storyboard */; };
		29FE5C3C25C13C8200A43C5E /* InventorooTests.swift in Sources */ = {isa = PBXBuildFile; fileRef = 29FE5C3B25C13C8200A43C5E /* InventorooTests.swift */; };
		29FE5C4725C13C8200A43C5E /* InventorooUITests.swift in Sources */ = {isa = PBXBuildFile; fileRef = 29FE5C4625C13C8200A43C5E /* InventorooUITests.swift */; };
/* End PBXBuildFile section */

/* Begin PBXContainerItemProxy section */
		29FE5C3825C13C8200A43C5E /* PBXContainerItemProxy */ = {
			isa = PBXContainerItemProxy;
			containerPortal = 29FE5C1925C13C7C00A43C5E /* Project object */;
			proxyType = 1;
			remoteGlobalIDString = 29FE5C2025C13C7C00A43C5E;
			remoteInfo = Inventoroo;
		};
		29FE5C4325C13C8200A43C5E /* PBXContainerItemProxy */ = {
			isa = PBXContainerItemProxy;
			containerPortal = 29FE5C1925C13C7C00A43C5E /* Project object */;
			proxyType = 1;
			remoteGlobalIDString = 29FE5C2025C13C7C00A43C5E;
			remoteInfo = Inventoroo;
		};
/* End PBXContainerItemProxy section */

/* Begin PBXFileReference section */
		2934594625C7D3B100D43CFC /* ChartCollectionCell.swift */ = {isa = PBXFileReference; lastKnownFileType = sourcecode.swift; path = ChartCollectionCell.swift; sourceTree = "<group>"; };
		2934594B25C7D4A700D43CFC /* CellLayoutProtocol.swift */ = {isa = PBXFileReference; lastKnownFileType = sourcecode.swift; path = CellLayoutProtocol.swift; sourceTree = "<group>"; };
		29769E2925CD16740072A822 /* HomeViewController.swift */ = {isa = PBXFileReference; lastKnownFileType = sourcecode.swift; path = HomeViewController.swift; sourceTree = "<group>"; };
		29769E2E25CD19570072A822 /* MainTableView.swift */ = {isa = PBXFileReference; lastKnownFileType = sourcecode.swift; path = MainTableView.swift; sourceTree = "<group>"; };
		29769E3325CD1FCA0072A822 /* MainTableCell.swift */ = {isa = PBXFileReference; lastKnownFileType = sourcecode.swift; path = MainTableCell.swift; sourceTree = "<group>"; };
		29769E3B25CD28CB0072A822 /* SampleCell.swift */ = {isa = PBXFileReference; lastKnownFileType = sourcecode.swift; path = SampleCell.swift; sourceTree = "<group>"; };
		29769E5825CE59460072A822 /* EmbeddedCollectionTableViewCell.swift */ = {isa = PBXFileReference; lastKnownFileType = sourcecode.swift; path = EmbeddedCollectionTableViewCell.swift; sourceTree = "<group>"; };
		29C989EF25D0EA5400259E64 /* ChartTableCell.swift */ = {isa = PBXFileReference; lastKnownFileType = sourcecode.swift; path = ChartTableCell.swift; sourceTree = "<group>"; };
		29CBD1DA25C527110021A66D /* HomePageViewController.swift */ = {isa = PBXFileReference; lastKnownFileType = sourcecode.swift; path = HomePageViewController.swift; sourceTree = "<group>"; };
		29CBD1E525C529450021A66D /* BoilerplateUtilties.swift */ = {isa = PBXFileReference; lastKnownFileType = sourcecode.swift; path = BoilerplateUtilties.swift; sourceTree = "<group>"; };
		29CBD1EA25C534BA0021A66D /* ProductCell.swift */ = {isa = PBXFileReference; lastKnownFileType = sourcecode.swift; path = ProductCell.swift; sourceTree = "<group>"; };
		29FE5C2125C13C7D00A43C5E /* Inventoroo.app */ = {isa = PBXFileReference; explicitFileType = wrapper.application; includeInIndex = 0; path = Inventoroo.app; sourceTree = BUILT_PRODUCTS_DIR; };
		29FE5C2425C13C7D00A43C5E /* AppDelegate.swift */ = {isa = PBXFileReference; lastKnownFileType = sourcecode.swift; path = AppDelegate.swift; sourceTree = "<group>"; };
		29FE5C2625C13C7D00A43C5E /* SceneDelegate.swift */ = {isa = PBXFileReference; lastKnownFileType = sourcecode.swift; path = SceneDelegate.swift; sourceTree = "<group>"; };
		29FE5C2D25C13C8100A43C5E /* Assets.xcassets */ = {isa = PBXFileReference; lastKnownFileType = folder.assetcatalog; path = Assets.xcassets; sourceTree = "<group>"; };
		29FE5C3025C13C8100A43C5E /* Base */ = {isa = PBXFileReference; lastKnownFileType = file.storyboard; name = Base; path = Base.lproj/LaunchScreen.storyboard; sourceTree = "<group>"; };
		29FE5C3225C13C8100A43C5E /* Info.plist */ = {isa = PBXFileReference; lastKnownFileType = text.plist.xml; path = Info.plist; sourceTree = "<group>"; };
		29FE5C3725C13C8200A43C5E /* InventorooTests.xctest */ = {isa = PBXFileReference; explicitFileType = wrapper.cfbundle; includeInIndex = 0; path = InventorooTests.xctest; sourceTree = BUILT_PRODUCTS_DIR; };
		29FE5C3B25C13C8200A43C5E /* InventorooTests.swift */ = {isa = PBXFileReference; lastKnownFileType = sourcecode.swift; path = InventorooTests.swift; sourceTree = "<group>"; };
		29FE5C3D25C13C8200A43C5E /* Info.plist */ = {isa = PBXFileReference; lastKnownFileType = text.plist.xml; path = Info.plist; sourceTree = "<group>"; };
		29FE5C4225C13C8200A43C5E /* InventorooUITests.xctest */ = {isa = PBXFileReference; explicitFileType = wrapper.cfbundle; includeInIndex = 0; path = InventorooUITests.xctest; sourceTree = BUILT_PRODUCTS_DIR; };
		29FE5C4625C13C8200A43C5E /* InventorooUITests.swift */ = {isa = PBXFileReference; lastKnownFileType = sourcecode.swift; path = InventorooUITests.swift; sourceTree = "<group>"; };
		29FE5C4825C13C8200A43C5E /* Info.plist */ = {isa = PBXFileReference; lastKnownFileType = text.plist.xml; path = Info.plist; sourceTree = "<group>"; };
/* End PBXFileReference section */

/* Begin PBXFrameworksBuildPhase section */
		29FE5C1E25C13C7C00A43C5E /* Frameworks */ = {
			isa = PBXFrameworksBuildPhase;
			buildActionMask = 2147483647;
			files = (
			);
			runOnlyForDeploymentPostprocessing = 0;
		};
		29FE5C3425C13C8200A43C5E /* Frameworks */ = {
			isa = PBXFrameworksBuildPhase;
			buildActionMask = 2147483647;
			files = (
			);
			runOnlyForDeploymentPostprocessing = 0;
		};
		29FE5C3F25C13C8200A43C5E /* Frameworks */ = {
			isa = PBXFrameworksBuildPhase;
			buildActionMask = 2147483647;
			files = (
			);
			runOnlyForDeploymentPostprocessing = 0;
		};
/* End PBXFrameworksBuildPhase section */

/* Begin PBXGroup section */
		29769E5025CE551E0072A822 /* Homepage */ = {
			isa = PBXGroup;
			children = (
				29769E5425CE55520072A822 /* ViewModels */,
				29769E5325CE55420072A822 /* Views */,
				29769E5225CE553A0072A822 /* Controllers */,
				29769E5125CE55300072A822 /* Models */,
			);
			path = Homepage;
			sourceTree = "<group>";
		};
		29769E5125CE55300072A822 /* Models */ = {
			isa = PBXGroup;
			children = (
			);
			path = Models;
			sourceTree = "<group>";
		};
		29769E5225CE553A0072A822 /* Controllers */ = {
			isa = PBXGroup;
			children = (
				29769E2925CD16740072A822 /* HomeViewController.swift */,
				29CBD1DA25C527110021A66D /* HomePageViewController.swift */,
			);
			path = Controllers;
			sourceTree = "<group>";
		};
		29769E5325CE55420072A822 /* Views */ = {
			isa = PBXGroup;
			children = (
				29769E2E25CD19570072A822 /* MainTableView.swift */,
				29769E3B25CD28CB0072A822 /* SampleCell.swift */,
				29CBD1EA25C534BA0021A66D /* ProductCell.swift */,
				2934594625C7D3B100D43CFC /* ChartCollectionCell.swift */,
				29769E5825CE59460072A822 /* EmbeddedCollectionTableViewCell.swift */,
				29C989EF25D0EA5400259E64 /* ChartTableCell.swift */,
				29769E3325CD1FCA0072A822 /* MainTableCell.swift */,
			);
			path = Views;
			sourceTree = "<group>";
		};
		29769E5425CE55520072A822 /* ViewModels */ = {
			isa = PBXGroup;
			children = (
			);
			path = ViewModels;
			sourceTree = "<group>";
		};
		29FE5C1825C13C7C00A43C5E = {
			isa = PBXGroup;
			children = (
				29FE5C2325C13C7D00A43C5E /* Inventoroo */,
				29FE5C3A25C13C8200A43C5E /* InventorooTests */,
				29FE5C4525C13C8200A43C5E /* InventorooUITests */,
				29FE5C2225C13C7D00A43C5E /* Products */,
			);
			sourceTree = "<group>";
		};
		29FE5C2225C13C7D00A43C5E /* Products */ = {
			isa = PBXGroup;
			children = (
				29FE5C2125C13C7D00A43C5E /* Inventoroo.app */,
				29FE5C3725C13C8200A43C5E /* InventorooTests.xctest */,
				29FE5C4225C13C8200A43C5E /* InventorooUITests.xctest */,
			);
			name = Products;
			sourceTree = "<group>";
		};
		29FE5C2325C13C7D00A43C5E /* Inventoroo */ = {
			isa = PBXGroup;
			children = (
				29769E5025CE551E0072A822 /* Homepage */,
				29FE5C2425C13C7D00A43C5E /* AppDelegate.swift */,
				29FE5C2625C13C7D00A43C5E /* SceneDelegate.swift */,
				2934594B25C7D4A700D43CFC /* CellLayoutProtocol.swift */,
				29FE5C2D25C13C8100A43C5E /* Assets.xcassets */,
				29FE5C2F25C13C8100A43C5E /* LaunchScreen.storyboard */,
				29FE5C3225C13C8100A43C5E /* Info.plist */,
				29CBD1E525C529450021A66D /* BoilerplateUtilties.swift */,
			);
			path = Inventoroo;
			sourceTree = "<group>";
		};
		29FE5C3A25C13C8200A43C5E /* InventorooTests */ = {
			isa = PBXGroup;
			children = (
				29FE5C3B25C13C8200A43C5E /* InventorooTests.swift */,
				29FE5C3D25C13C8200A43C5E /* Info.plist */,
			);
			path = InventorooTests;
			sourceTree = "<group>";
		};
		29FE5C4525C13C8200A43C5E /* InventorooUITests */ = {
			isa = PBXGroup;
			children = (
				29FE5C4625C13C8200A43C5E /* InventorooUITests.swift */,
				29FE5C4825C13C8200A43C5E /* Info.plist */,
			);
			path = InventorooUITests;
			sourceTree = "<group>";
		};
/* End PBXGroup section */

/* Begin PBXNativeTarget section */
		29FE5C2025C13C7C00A43C5E /* Inventoroo */ = {
			isa = PBXNativeTarget;
			buildConfigurationList = 29FE5C4B25C13C8200A43C5E /* Build configuration list for PBXNativeTarget "Inventoroo" */;
			buildPhases = (
				29FE5C1D25C13C7C00A43C5E /* Sources */,
				29FE5C1E25C13C7C00A43C5E /* Frameworks */,
				29FE5C1F25C13C7C00A43C5E /* Resources */,
			);
			buildRules = (
			);
			dependencies = (
			);
			name = Inventoroo;
			productName = Inventoroo;
			productReference = 29FE5C2125C13C7D00A43C5E /* Inventoroo.app */;
			productType = "com.apple.product-type.application";
		};
		29FE5C3625C13C8200A43C5E /* InventorooTests */ = {
			isa = PBXNativeTarget;
			buildConfigurationList = 29FE5C4E25C13C8200A43C5E /* Build configuration list for PBXNativeTarget "InventorooTests" */;
			buildPhases = (
				29FE5C3325C13C8200A43C5E /* Sources */,
				29FE5C3425C13C8200A43C5E /* Frameworks */,
				29FE5C3525C13C8200A43C5E /* Resources */,
			);
			buildRules = (
			);
			dependencies = (
				29FE5C3925C13C8200A43C5E /* PBXTargetDependency */,
			);
			name = InventorooTests;
			productName = InventorooTests;
			productReference = 29FE5C3725C13C8200A43C5E /* InventorooTests.xctest */;
			productType = "com.apple.product-type.bundle.unit-test";
		};
		29FE5C4125C13C8200A43C5E /* InventorooUITests */ = {
			isa = PBXNativeTarget;
			buildConfigurationList = 29FE5C5125C13C8200A43C5E /* Build configuration list for PBXNativeTarget "InventorooUITests" */;
			buildPhases = (
				29FE5C3E25C13C8200A43C5E /* Sources */,
				29FE5C3F25C13C8200A43C5E /* Frameworks */,
				29FE5C4025C13C8200A43C5E /* Resources */,
			);
			buildRules = (
			);
			dependencies = (
				29FE5C4425C13C8200A43C5E /* PBXTargetDependency */,
			);
			name = InventorooUITests;
			productName = InventorooUITests;
			productReference = 29FE5C4225C13C8200A43C5E /* InventorooUITests.xctest */;
			productType = "com.apple.product-type.bundle.ui-testing";
		};
/* End PBXNativeTarget section */

/* Begin PBXProject section */
		29FE5C1925C13C7C00A43C5E /* Project object */ = {
			isa = PBXProject;
			attributes = {
				LastSwiftUpdateCheck = 1230;
				LastUpgradeCheck = 1230;
				TargetAttributes = {
					29FE5C2025C13C7C00A43C5E = {
						CreatedOnToolsVersion = 12.3;
					};
					29FE5C3625C13C8200A43C5E = {
						CreatedOnToolsVersion = 12.3;
						TestTargetID = 29FE5C2025C13C7C00A43C5E;
					};
					29FE5C4125C13C8200A43C5E = {
						CreatedOnToolsVersion = 12.3;
						TestTargetID = 29FE5C2025C13C7C00A43C5E;
					};
				};
			};
			buildConfigurationList = 29FE5C1C25C13C7C00A43C5E /* Build configuration list for PBXProject "Inventoroo" */;
			compatibilityVersion = "Xcode 9.3";
			developmentRegion = en;
			hasScannedForEncodings = 0;
			knownRegions = (
				en,
				Base,
			);
			mainGroup = 29FE5C1825C13C7C00A43C5E;
			productRefGroup = 29FE5C2225C13C7D00A43C5E /* Products */;
			projectDirPath = "";
			projectRoot = "";
			targets = (
				29FE5C2025C13C7C00A43C5E /* Inventoroo */,
				29FE5C3625C13C8200A43C5E /* InventorooTests */,
				29FE5C4125C13C8200A43C5E /* InventorooUITests */,
			);
		};
/* End PBXProject section */

/* Begin PBXResourcesBuildPhase section */
		29FE5C1F25C13C7C00A43C5E /* Resources */ = {
			isa = PBXResourcesBuildPhase;
			buildActionMask = 2147483647;
			files = (
				29FE5C3125C13C8100A43C5E /* LaunchScreen.storyboard in Resources */,
				29FE5C2E25C13C8100A43C5E /* Assets.xcassets in Resources */,
			);
			runOnlyForDeploymentPostprocessing = 0;
		};
		29FE5C3525C13C8200A43C5E /* Resources */ = {
			isa = PBXResourcesBuildPhase;
			buildActionMask = 2147483647;
			files = (
			);
			runOnlyForDeploymentPostprocessing = 0;
		};
		29FE5C4025C13C8200A43C5E /* Resources */ = {
			isa = PBXResourcesBuildPhase;
			buildActionMask = 2147483647;
			files = (
			);
			runOnlyForDeploymentPostprocessing = 0;
		};
/* End PBXResourcesBuildPhase section */

/* Begin PBXSourcesBuildPhase section */
		29FE5C1D25C13C7C00A43C5E /* Sources */ = {
			isa = PBXSourcesBuildPhase;
			buildActionMask = 2147483647;
			files = (
				29769E3C25CD28CB0072A822 /* SampleCell.swift in Sources */,
				29769E5925CE59460072A822 /* EmbeddedCollectionTableViewCell.swift in Sources */,
				29769E2F25CD19570072A822 /* MainTableView.swift in Sources */,
				2934594725C7D3B100D43CFC /* ChartCollectionCell.swift in Sources */,
				29FE5C2525C13C7D00A43C5E /* AppDelegate.swift in Sources */,
				29FE5C2725C13C7D00A43C5E /* SceneDelegate.swift in Sources */,
				29769E2A25CD16740072A822 /* HomeViewController.swift in Sources */,
				29769E3425CD1FCA0072A822 /* MainTableCell.swift in Sources */,
				29C989F025D0EA5400259E64 /* ChartTableCell.swift in Sources */,
				2934594C25C7D4A700D43CFC /* CellLayoutProtocol.swift in Sources */,
				29CBD1EB25C534BA0021A66D /* ProductCell.swift in Sources */,
				29CBD1E625C529450021A66D /* BoilerplateUtilties.swift in Sources */,
				29CBD1DB25C527110021A66D /* HomePageViewController.swift in Sources */,
			);
			runOnlyForDeploymentPostprocessing = 0;
		};
		29FE5C3325C13C8200A43C5E /* Sources */ = {
			isa = PBXSourcesBuildPhase;
			buildActionMask = 2147483647;
			files = (
				29FE5C3C25C13C8200A43C5E /* InventorooTests.swift in Sources */,
			);
			runOnlyForDeploymentPostprocessing = 0;
		};
		29FE5C3E25C13C8200A43C5E /* Sources */ = {
			isa = PBXSourcesBuildPhase;
			buildActionMask = 2147483647;
			files = (
				29FE5C4725C13C8200A43C5E /* InventorooUITests.swift in Sources */,
			);
			runOnlyForDeploymentPostprocessing = 0;
		};
/* End PBXSourcesBuildPhase section */

/* Begin PBXTargetDependency section */
		29FE5C3925C13C8200A43C5E /* PBXTargetDependency */ = {
			isa = PBXTargetDependency;
			target = 29FE5C2025C13C7C00A43C5E /* Inventoroo */;
			targetProxy = 29FE5C3825C13C8200A43C5E /* PBXContainerItemProxy */;
		};
		29FE5C4425C13C8200A43C5E /* PBXTargetDependency */ = {
			isa = PBXTargetDependency;
			target = 29FE5C2025C13C7C00A43C5E /* Inventoroo */;
			targetProxy = 29FE5C4325C13C8200A43C5E /* PBXContainerItemProxy */;
		};
/* End PBXTargetDependency section */

/* Begin PBXVariantGroup section */
		29FE5C2F25C13C8100A43C5E /* LaunchScreen.storyboard */ = {
			isa = PBXVariantGroup;
			children = (
				29FE5C3025C13C8100A43C5E /* Base */,
			);
			name = LaunchScreen.storyboard;
			sourceTree = "<group>";
		};
/* End PBXVariantGroup section */

/* Begin XCBuildConfiguration section */
		29FE5C4925C13C8200A43C5E /* Debug */ = {
			isa = XCBuildConfiguration;
			buildSettings = {
				ALWAYS_SEARCH_USER_PATHS = NO;
				CLANG_ANALYZER_NONNULL = YES;
				CLANG_ANALYZER_NUMBER_OBJECT_CONVERSION = YES_AGGRESSIVE;
				CLANG_CXX_LANGUAGE_STANDARD = "gnu++14";
				CLANG_CXX_LIBRARY = "libc++";
				CLANG_ENABLE_MODULES = YES;
				CLANG_ENABLE_OBJC_ARC = YES;
				CLANG_ENABLE_OBJC_WEAK = YES;
				CLANG_WARN_BLOCK_CAPTURE_AUTORELEASING = YES;
				CLANG_WARN_BOOL_CONVERSION = YES;
				CLANG_WARN_COMMA = YES;
				CLANG_WARN_CONSTANT_CONVERSION = YES;
				CLANG_WARN_DEPRECATED_OBJC_IMPLEMENTATIONS = YES;
				CLANG_WARN_DIRECT_OBJC_ISA_USAGE = YES_ERROR;
				CLANG_WARN_DOCUMENTATION_COMMENTS = YES;
				CLANG_WARN_EMPTY_BODY = YES;
				CLANG_WARN_ENUM_CONVERSION = YES;
				CLANG_WARN_INFINITE_RECURSION = YES;
				CLANG_WARN_INT_CONVERSION = YES;
				CLANG_WARN_NON_LITERAL_NULL_CONVERSION = YES;
				CLANG_WARN_OBJC_IMPLICIT_RETAIN_SELF = YES;
				CLANG_WARN_OBJC_LITERAL_CONVERSION = YES;
				CLANG_WARN_OBJC_ROOT_CLASS = YES_ERROR;
				CLANG_WARN_QUOTED_INCLUDE_IN_FRAMEWORK_HEADER = YES;
				CLANG_WARN_RANGE_LOOP_ANALYSIS = YES;
				CLANG_WARN_STRICT_PROTOTYPES = YES;
				CLANG_WARN_SUSPICIOUS_MOVE = YES;
				CLANG_WARN_UNGUARDED_AVAILABILITY = YES_AGGRESSIVE;
				CLANG_WARN_UNREACHABLE_CODE = YES;
				CLANG_WARN__DUPLICATE_METHOD_MATCH = YES;
				COPY_PHASE_STRIP = NO;
				DEBUG_INFORMATION_FORMAT = dwarf;
				ENABLE_STRICT_OBJC_MSGSEND = YES;
				ENABLE_TESTABILITY = YES;
				GCC_C_LANGUAGE_STANDARD = gnu11;
				GCC_DYNAMIC_NO_PIC = NO;
				GCC_NO_COMMON_BLOCKS = YES;
				GCC_OPTIMIZATION_LEVEL = 0;
				GCC_PREPROCESSOR_DEFINITIONS = (
					"DEBUG=1",
					"$(inherited)",
				);
				GCC_WARN_64_TO_32_BIT_CONVERSION = YES;
				GCC_WARN_ABOUT_RETURN_TYPE = YES_ERROR;
				GCC_WARN_UNDECLARED_SELECTOR = YES;
				GCC_WARN_UNINITIALIZED_AUTOS = YES_AGGRESSIVE;
				GCC_WARN_UNUSED_FUNCTION = YES;
				GCC_WARN_UNUSED_VARIABLE = YES;
				IPHONEOS_DEPLOYMENT_TARGET = 14.3;
				MTL_ENABLE_DEBUG_INFO = INCLUDE_SOURCE;
				MTL_FAST_MATH = YES;
				ONLY_ACTIVE_ARCH = YES;
				SDKROOT = iphoneos;
				SWIFT_ACTIVE_COMPILATION_CONDITIONS = DEBUG;
				SWIFT_OPTIMIZATION_LEVEL = "-Onone";
			};
			name = Debug;
		};
		29FE5C4A25C13C8200A43C5E /* Release */ = {
			isa = XCBuildConfiguration;
			buildSettings = {
				ALWAYS_SEARCH_USER_PATHS = NO;
				CLANG_ANALYZER_NONNULL = YES;
				CLANG_ANALYZER_NUMBER_OBJECT_CONVERSION = YES_AGGRESSIVE;
				CLANG_CXX_LANGUAGE_STANDARD = "gnu++14";
				CLANG_CXX_LIBRARY = "libc++";
				CLANG_ENABLE_MODULES = YES;
				CLANG_ENABLE_OBJC_ARC = YES;
				CLANG_ENABLE_OBJC_WEAK = YES;
				CLANG_WARN_BLOCK_CAPTURE_AUTORELEASING = YES;
				CLANG_WARN_BOOL_CONVERSION = YES;
				CLANG_WARN_COMMA = YES;
				CLANG_WARN_CONSTANT_CONVERSION = YES;
				CLANG_WARN_DEPRECATED_OBJC_IMPLEMENTATIONS = YES;
				CLANG_WARN_DIRECT_OBJC_ISA_USAGE = YES_ERROR;
				CLANG_WARN_DOCUMENTATION_COMMENTS = YES;
				CLANG_WARN_EMPTY_BODY = YES;
				CLANG_WARN_ENUM_CONVERSION = YES;
				CLANG_WARN_INFINITE_RECURSION = YES;
				CLANG_WARN_INT_CONVERSION = YES;
				CLANG_WARN_NON_LITERAL_NULL_CONVERSION = YES;
				CLANG_WARN_OBJC_IMPLICIT_RETAIN_SELF = YES;
				CLANG_WARN_OBJC_LITERAL_CONVERSION = YES;
				CLANG_WARN_OBJC_ROOT_CLASS = YES_ERROR;
				CLANG_WARN_QUOTED_INCLUDE_IN_FRAMEWORK_HEADER = YES;
				CLANG_WARN_RANGE_LOOP_ANALYSIS = YES;
				CLANG_WARN_STRICT_PROTOTYPES = YES;
				CLANG_WARN_SUSPICIOUS_MOVE = YES;
				CLANG_WARN_UNGUARDED_AVAILABILITY = YES_AGGRESSIVE;
				CLANG_WARN_UNREACHABLE_CODE = YES;
				CLANG_WARN__DUPLICATE_METHOD_MATCH = YES;
				COPY_PHASE_STRIP = NO;
				DEBUG_INFORMATION_FORMAT = "dwarf-with-dsym";
				ENABLE_NS_ASSERTIONS = NO;
				ENABLE_STRICT_OBJC_MSGSEND = YES;
				GCC_C_LANGUAGE_STANDARD = gnu11;
				GCC_NO_COMMON_BLOCKS = YES;
				GCC_WARN_64_TO_32_BIT_CONVERSION = YES;
				GCC_WARN_ABOUT_RETURN_TYPE = YES_ERROR;
				GCC_WARN_UNDECLARED_SELECTOR = YES;
				GCC_WARN_UNINITIALIZED_AUTOS = YES_AGGRESSIVE;
				GCC_WARN_UNUSED_FUNCTION = YES;
				GCC_WARN_UNUSED_VARIABLE = YES;
				IPHONEOS_DEPLOYMENT_TARGET = 14.3;
				MTL_ENABLE_DEBUG_INFO = NO;
				MTL_FAST_MATH = YES;
				SDKROOT = iphoneos;
				SWIFT_COMPILATION_MODE = wholemodule;
				SWIFT_OPTIMIZATION_LEVEL = "-O";
				VALIDATE_PRODUCT = YES;
			};
			name = Release;
		};
		29FE5C4C25C13C8200A43C5E /* Debug */ = {
			isa = XCBuildConfiguration;
			buildSettings = {
				ASSETCATALOG_COMPILER_APPICON_NAME = AppIcon;
				ASSETCATALOG_COMPILER_GLOBAL_ACCENT_COLOR_NAME = AccentColor;
				CODE_SIGN_STYLE = Automatic;
				DEVELOPMENT_TEAM = 42GY7W92A3;
				INFOPLIST_FILE = Inventoroo/Info.plist;
				LD_RUNPATH_SEARCH_PATHS = (
					"$(inherited)",
					"@executable_path/Frameworks",
				);
				PRODUCT_BUNDLE_IDENTIFIER = com.erictom.Inventoroo;
				PRODUCT_NAME = "$(TARGET_NAME)";
				SWIFT_VERSION = 5.0;
				TARGETED_DEVICE_FAMILY = "1,2";
			};
			name = Debug;
		};
		29FE5C4D25C13C8200A43C5E /* Release */ = {
			isa = XCBuildConfiguration;
			buildSettings = {
				ASSETCATALOG_COMPILER_APPICON_NAME = AppIcon;
				ASSETCATALOG_COMPILER_GLOBAL_ACCENT_COLOR_NAME = AccentColor;
				CODE_SIGN_STYLE = Automatic;
				DEVELOPMENT_TEAM = 42GY7W92A3;
				INFOPLIST_FILE = Inventoroo/Info.plist;
				LD_RUNPATH_SEARCH_PATHS = (
					"$(inherited)",
					"@executable_path/Frameworks",
				);
				PRODUCT_BUNDLE_IDENTIFIER = com.erictom.Inventoroo;
				PRODUCT_NAME = "$(TARGET_NAME)";
				SWIFT_VERSION = 5.0;
				TARGETED_DEVICE_FAMILY = "1,2";
			};
			name = Release;
		};
		29FE5C4F25C13C8200A43C5E /* Debug */ = {
			isa = XCBuildConfiguration;
			buildSettings = {
				ALWAYS_EMBED_SWIFT_STANDARD_LIBRARIES = YES;
				BUNDLE_LOADER = "$(TEST_HOST)";
				CODE_SIGN_STYLE = Automatic;
				DEVELOPMENT_TEAM = 42GY7W92A3;
				INFOPLIST_FILE = InventorooTests/Info.plist;
				IPHONEOS_DEPLOYMENT_TARGET = 14.3;
				LD_RUNPATH_SEARCH_PATHS = (
					"$(inherited)",
					"@executable_path/Frameworks",
					"@loader_path/Frameworks",
				);
				PRODUCT_BUNDLE_IDENTIFIER = com.erictom.InventorooTests;
				PRODUCT_NAME = "$(TARGET_NAME)";
				SWIFT_VERSION = 5.0;
				TARGETED_DEVICE_FAMILY = "1,2";
				TEST_HOST = "$(BUILT_PRODUCTS_DIR)/Inventoroo.app/Inventoroo";
			};
			name = Debug;
		};
		29FE5C5025C13C8200A43C5E /* Release */ = {
			isa = XCBuildConfiguration;
			buildSettings = {
				ALWAYS_EMBED_SWIFT_STANDARD_LIBRARIES = YES;
				BUNDLE_LOADER = "$(TEST_HOST)";
				CODE_SIGN_STYLE = Automatic;
				DEVELOPMENT_TEAM = 42GY7W92A3;
				INFOPLIST_FILE = InventorooTests/Info.plist;
				IPHONEOS_DEPLOYMENT_TARGET = 14.3;
				LD_RUNPATH_SEARCH_PATHS = (
					"$(inherited)",
					"@executable_path/Frameworks",
					"@loader_path/Frameworks",
				);
				PRODUCT_BUNDLE_IDENTIFIER = com.erictom.InventorooTests;
				PRODUCT_NAME = "$(TARGET_NAME)";
				SWIFT_VERSION = 5.0;
				TARGETED_DEVICE_FAMILY = "1,2";
				TEST_HOST = "$(BUILT_PRODUCTS_DIR)/Inventoroo.app/Inventoroo";
			};
			name = Release;
		};
		29FE5C5225C13C8200A43C5E /* Debug */ = {
			isa = XCBuildConfiguration;
			buildSettings = {
				ALWAYS_EMBED_SWIFT_STANDARD_LIBRARIES = YES;
				CODE_SIGN_STYLE = Automatic;
				DEVELOPMENT_TEAM = 42GY7W92A3;
				INFOPLIST_FILE = InventorooUITests/Info.plist;
				LD_RUNPATH_SEARCH_PATHS = (
					"$(inherited)",
					"@executable_path/Frameworks",
					"@loader_path/Frameworks",
				);
				PRODUCT_BUNDLE_IDENTIFIER = com.erictom.InventorooUITests;
				PRODUCT_NAME = "$(TARGET_NAME)";
				SWIFT_VERSION = 5.0;
				TARGETED_DEVICE_FAMILY = "1,2";
				TEST_TARGET_NAME = Inventoroo;
			};
			name = Debug;
		};
		29FE5C5325C13C8200A43C5E /* Release */ = {
			isa = XCBuildConfiguration;
			buildSettings = {
				ALWAYS_EMBED_SWIFT_STANDARD_LIBRARIES = YES;
				CODE_SIGN_STYLE = Automatic;
				DEVELOPMENT_TEAM = 42GY7W92A3;
				INFOPLIST_FILE = InventorooUITests/Info.plist;
				LD_RUNPATH_SEARCH_PATHS = (
					"$(inherited)",
					"@executable_path/Frameworks",
					"@loader_path/Frameworks",
				);
				PRODUCT_BUNDLE_IDENTIFIER = com.erictom.InventorooUITests;
				PRODUCT_NAME = "$(TARGET_NAME)";
				SWIFT_VERSION = 5.0;
				TARGETED_DEVICE_FAMILY = "1,2";
				TEST_TARGET_NAME = Inventoroo;
			};
			name = Release;
		};
/* End XCBuildConfiguration section */

/* Begin XCConfigurationList section */
		29FE5C1C25C13C7C00A43C5E /* Build configuration list for PBXProject "Inventoroo" */ = {
			isa = XCConfigurationList;
			buildConfigurations = (
				29FE5C4925C13C8200A43C5E /* Debug */,
				29FE5C4A25C13C8200A43C5E /* Release */,
			);
			defaultConfigurationIsVisible = 0;
			defaultConfigurationName = Release;
		};
		29FE5C4B25C13C8200A43C5E /* Build configuration list for PBXNativeTarget "Inventoroo" */ = {
			isa = XCConfigurationList;
			buildConfigurations = (
				29FE5C4C25C13C8200A43C5E /* Debug */,
				29FE5C4D25C13C8200A43C5E /* Release */,
			);
			defaultConfigurationIsVisible = 0;
			defaultConfigurationName = Release;
		};
		29FE5C4E25C13C8200A43C5E /* Build configuration list for PBXNativeTarget "InventorooTests" */ = {
			isa = XCConfigurationList;
			buildConfigurations = (
				29FE5C4F25C13C8200A43C5E /* Debug */,
				29FE5C5025C13C8200A43C5E /* Release */,
			);
			defaultConfigurationIsVisible = 0;
			defaultConfigurationName = Release;
		};
		29FE5C5125C13C8200A43C5E /* Build configuration list for PBXNativeTarget "InventorooUITests" */ = {
			isa = XCConfigurationList;
			buildConfigurations = (
				29FE5C5225C13C8200A43C5E /* Debug */,
				29FE5C5325C13C8200A43C5E /* Release */,
			);
			defaultConfigurationIsVisible = 0;
			defaultConfigurationName = Release;
		};
/* End XCConfigurationList section */
	};
	rootObject = 29FE5C1925C13C7C00A43C5E /* Project object */;
}
